
Microsoft Visual Studio Solution File, Format Version 12.00
# Visual Studio 15
VisualStudioVersion = 15.0.28010.0
MinimumVisualStudioVersion = 10.0.40219.1
Project("{FAE04EC0-301F-11D3-BF4B-00C04F79EFBC}") = "Tambo", "Tambo\Tambo.csproj", "{47618313-5E5C-4687-86B2-AFB8ECA95F92}"
EndProject
Project("{FAE04EC0-301F-11D3-BF4B-00C04F79EFBC}") = "Tambo.Tests", "Tambo.Tests\Tambo.Tests.csproj", "{597F0FF8-4A32-498B-BC7A-74ED748EE178}"
EndProject
Global
	GlobalSection(SolutionConfigurationPlatforms) = preSolution
		Debug|Any CPU = Debug|Any CPU
		Release|Any CPU = Release|Any CPU
	EndGlobalSection
	GlobalSection(ProjectConfigurationPlatforms) = postSolution
		{47618313-5E5C-4687-86B2-AFB8ECA95F92}.Debug|Any CPU.ActiveCfg = Debug|Any CPU
		{47618313-5E5C-4687-86B2-AFB8ECA95F92}.Debug|Any CPU.Build.0 = Debug|Any CPU
		{47618313-5E5C-4687-86B2-AFB8ECA95F92}.Release|Any CPU.ActiveCfg = Release|Any CPU
		{47618313-5E5C-4687-86B2-AFB8ECA95F92}.Release|Any CPU.Build.0 = Release|Any CPU
		{597F0FF8-4A32-498B-BC7A-74ED748EE178}.Debug|Any CPU.ActiveCfg = Debug|Any CPU
		{597F0FF8-4A32-498B-BC7A-74ED748EE178}.Debug|Any CPU.Build.0 = Debug|Any CPU
		{597F0FF8-4A32-498B-BC7A-74ED748EE178}.Release|Any CPU.ActiveCfg = Release|Any CPU
		{597F0FF8-4A32-498B-BC7A-74ED748EE178}.Release|Any CPU.Build.0 = Release|Any CPU
	EndGlobalSection
	GlobalSection(SolutionProperties) = preSolution
		HideSolutionNode = FALSE
	EndGlobalSection
	GlobalSection(ExtensibilityGlobals) = postSolution
		SolutionGuid = {EA1ABEBC-25D6-47D4-8FF5-5CE18ECE5429}
	EndGlobalSection
EndGlobal
